
Microsoft Visual Studio Solution File, Format Version 12.00
# Visual Studio Version 16
VisualStudioVersion = 16.0.30406.217
MinimumVisualStudioVersion = 10.0.40219.1
Project("{9A19103F-16F7-4668-BE54-9A1E7A4F7556}") = "Mundo.Api", "..\src\Mundo.Api\Mundo.Api.csproj", "{A3F9F9C3-3BAC-4B27-8B7D-DD0AE7E0A03E}"
EndProject
Project("{9A19103F-16F7-4668-BE54-9A1E7A4F7556}") = "Mundo.Business", "..\src\Mundo.Business\Mundo.Business.csproj", "{B145F953-C41C-4D2A-B9AF-D71C68FFFA22}"
EndProject
Project("{9A19103F-16F7-4668-BE54-9A1E7A4F7556}") = "Mundo.Data", "..\src\Mundo.Data\Mundo.Data.csproj", "{864BBDE2-372F-47D2-8046-119CEEAB5885}"
EndProject
Global
	GlobalSection(SolutionConfigurationPlatforms) = preSolution
		Debug|Any CPU = Debug|Any CPU
		Release|Any CPU = Release|Any CPU
	EndGlobalSection
	GlobalSection(ProjectConfigurationPlatforms) = postSolution
		{A3F9F9C3-3BAC-4B27-8B7D-DD0AE7E0A03E}.Debug|Any CPU.ActiveCfg = Debug|Any CPU
		{A3F9F9C3-3BAC-4B27-8B7D-DD0AE7E0A03E}.Debug|Any CPU.Build.0 = Debug|Any CPU
		{A3F9F9C3-3BAC-4B27-8B7D-DD0AE7E0A03E}.Release|Any CPU.ActiveCfg = Release|Any CPU
		{A3F9F9C3-3BAC-4B27-8B7D-DD0AE7E0A03E}.Release|Any CPU.Build.0 = Release|Any CPU
		{B145F953-C41C-4D2A-B9AF-D71C68FFFA22}.Debug|Any CPU.ActiveCfg = Debug|Any CPU
		{B145F953-C41C-4D2A-B9AF-D71C68FFFA22}.Debug|Any CPU.Build.0 = Debug|Any CPU
		{B145F953-C41C-4D2A-B9AF-D71C68FFFA22}.Release|Any CPU.ActiveCfg = Release|Any CPU
		{B145F953-C41C-4D2A-B9AF-D71C68FFFA22}.Release|Any CPU.Build.0 = Release|Any CPU
		{864BBDE2-372F-47D2-8046-119CEEAB5885}.Debug|Any CPU.ActiveCfg = Debug|Any CPU
		{864BBDE2-372F-47D2-8046-119CEEAB5885}.Debug|Any CPU.Build.0 = Debug|Any CPU
		{864BBDE2-372F-47D2-8046-119CEEAB5885}.Release|Any CPU.ActiveCfg = Release|Any CPU
		{864BBDE2-372F-47D2-8046-119CEEAB5885}.Release|Any CPU.Build.0 = Release|Any CPU
	EndGlobalSection
	GlobalSection(SolutionProperties) = preSolution
		HideSolutionNode = FALSE
	EndGlobalSection
	GlobalSection(ExtensibilityGlobals) = postSolution
		SolutionGuid = {EC9059FE-C8AE-4B1D-90B5-88622CBB3B79}
	EndGlobalSection
EndGlobal
